// !$*UTF8*$!
{
	archiveVersion = 1;
	classes = {
	};
	objectVersion = 48;
	objects = {

/* Begin PBXBuildFile section */
		EF4FEA0A1F027FA500DC3C75 /* AppDelegate.swift in Sources */ = {isa = PBXBuildFile; fileRef = EF4FEA091F027FA500DC3C75 /* AppDelegate.swift */; };
		EF4FEA0C1F027FA500DC3C75 /* ViewController.swift in Sources */ = {isa = PBXBuildFile; fileRef = EF4FEA0B1F027FA500DC3C75 /* ViewController.swift */; };
		EF4FEA0F1F027FA500DC3C75 /* Main.storyboard in Resources */ = {isa = PBXBuildFile; fileRef = EF4FEA0D1F027FA500DC3C75 /* Main.storyboard */; };
		EF4FEA111F027FA500DC3C75 /* Assets.xcassets in Resources */ = {isa = PBXBuildFile; fileRef = EF4FEA101F027FA500DC3C75 /* Assets.xcassets */; };
		EF4FEA141F027FA500DC3C75 /* LaunchScreen.storyboard in Resources */ = {isa = PBXBuildFile; fileRef = EF4FEA121F027FA500DC3C75 /* LaunchScreen.storyboard */; };
		EF4FEA1F1F027FA500DC3C75 /* Photo_DemoTests.swift in Sources */ = {isa = PBXBuildFile; fileRef = EF4FEA1E1F027FA500DC3C75 /* Photo_DemoTests.swift */; };
		EF4FEA2A1F027FA500DC3C75 /* Photo_DemoUITests.swift in Sources */ = {isa = PBXBuildFile; fileRef = EF4FEA291F027FA500DC3C75 /* Photo_DemoUITests.swift */; };
/* End PBXBuildFile section */

/* Begin PBXContainerItemProxy section */
		EF4FEA1B1F027FA500DC3C75 /* PBXContainerItemProxy */ = {
			isa = PBXContainerItemProxy;
			containerPortal = EF4FE9FE1F027FA500DC3C75 /* Project object */;
			proxyType = 1;
			remoteGlobalIDString = EF4FEA051F027FA500DC3C75;
			remoteInfo = "Photo Demo";
		};
		EF4FEA261F027FA500DC3C75 /* PBXContainerItemProxy */ = {
			isa = PBXContainerItemProxy;
			containerPortal = EF4FE9FE1F027FA500DC3C75 /* Project object */;
			proxyType = 1;
			remoteGlobalIDString = EF4FEA051F027FA500DC3C75;
			remoteInfo = "Photo Demo";
		};
/* End PBXContainerItemProxy section */

/* Begin PBXFileReference section */
		EF4FEA061F027FA500DC3C75 /* Photo Demo.app */ = {isa = PBXFileReference; explicitFileType = wrapper.application; includeInIndex = 0; path = "Photo Demo.app"; sourceTree = BUILT_PRODUCTS_DIR; };
		EF4FEA091F027FA500DC3C75 /* AppDelegate.swift */ = {isa = PBXFileReference; lastKnownFileType = sourcecode.swift; path = AppDelegate.swift; sourceTree = "<group>"; };
		EF4FEA0B1F027FA500DC3C75 /* ViewController.swift */ = {isa = PBXFileReference; lastKnownFileType = sourcecode.swift; path = ViewController.swift; sourceTree = "<group>"; };
		EF4FEA0E1F027FA500DC3C75 /* Base */ = {isa = PBXFileReference; lastKnownFileType = file.storyboard; name = Base; path = Base.lproj/Main.storyboard; sourceTree = "<group>"; };
		EF4FEA101F027FA500DC3C75 /* Assets.xcassets */ = {isa = PBXFileReference; lastKnownFileType = folder.assetcatalog; path = Assets.xcassets; sourceTree = "<group>"; };
		EF4FEA131F027FA500DC3C75 /* Base */ = {isa = PBXFileReference; lastKnownFileType = file.storyboard; name = Base; path = Base.lproj/LaunchScreen.storyboard; sourceTree = "<group>"; };
		EF4FEA151F027FA500DC3C75 /* Info.plist */ = {isa = PBXFileReference; lastKnownFileType = text.plist.xml; path = Info.plist; sourceTree = "<group>"; };
		EF4FEA1A1F027FA500DC3C75 /* Photo DemoTests.xctest */ = {isa = PBXFileReference; explicitFileType = wrapper.cfbundle; includeInIndex = 0; path = "Photo DemoTests.xctest"; sourceTree = BUILT_PRODUCTS_DIR; };
		EF4FEA1E1F027FA500DC3C75 /* Photo_DemoTests.swift */ = {isa = PBXFileReference; lastKnownFileType = sourcecode.swift; path = Photo_DemoTests.swift; sourceTree = "<group>"; };
		EF4FEA201F027FA500DC3C75 /* Info.plist */ = {isa = PBXFileReference; lastKnownFileType = text.plist.xml; path = Info.plist; sourceTree = "<group>"; };
		EF4FEA251F027FA500DC3C75 /* Photo DemoUITests.xctest */ = {isa = PBXFileReference; explicitFileType = wrapper.cfbundle; includeInIndex = 0; path = "Photo DemoUITests.xctest"; sourceTree = BUILT_PRODUCTS_DIR; };
		EF4FEA291F027FA500DC3C75 /* Photo_DemoUITests.swift */ = {isa = PBXFileReference; lastKnownFileType = sourcecode.swift; path = Photo_DemoUITests.swift; sourceTree = "<group>"; };
		EF4FEA2B1F027FA500DC3C75 /* Info.plist */ = {isa = PBXFileReference; lastKnownFileType = text.plist.xml; path = Info.plist; sourceTree = "<group>"; };
/* End PBXFileReference section */

/* Begin PBXFrameworksBuildPhase section */
		EF4FEA031F027FA500DC3C75 /* Frameworks */ = {
			isa = PBXFrameworksBuildPhase;
			buildActionMask = 2147483647;
			files = (
			);
			runOnlyForDeploymentPostprocessing = 0;
		};
		EF4FEA171F027FA500DC3C75 /* Frameworks */ = {
			isa = PBXFrameworksBuildPhase;
			buildActionMask = 2147483647;
			files = (
			);
			runOnlyForDeploymentPostprocessing = 0;
		};
		EF4FEA221F027FA500DC3C75 /* Frameworks */ = {
			isa = PBXFrameworksBuildPhase;
			buildActionMask = 2147483647;
			files = (
			);
			runOnlyForDeploymentPostprocessing = 0;
		};
/* End PBXFrameworksBuildPhase section */

/* Begin PBXGroup section */
		EF4FE9FD1F027FA500DC3C75 = {
			isa = PBXGroup;
			children = (
				EF4FEA081F027FA500DC3C75 /* Photo Demo */,
				EF4FEA1D1F027FA500DC3C75 /* Photo DemoTests */,
				EF4FEA281F027FA500DC3C75 /* Photo DemoUITests */,
				EF4FEA071F027FA500DC3C75 /* Products */,
			);
			sourceTree = "<group>";
		};
		EF4FEA071F027FA500DC3C75 /* Products */ = {
			isa = PBXGroup;
			children = (
				EF4FEA061F027FA500DC3C75 /* Photo Demo.app */,
				EF4FEA1A1F027FA500DC3C75 /* Photo DemoTests.xctest */,
				EF4FEA251F027FA500DC3C75 /* Photo DemoUITests.xctest */,
			);
			name = Products;
			sourceTree = "<group>";
		};
		EF4FEA081F027FA500DC3C75 /* Photo Demo */ = {
			isa = PBXGroup;
			children = (
				EF4FEA091F027FA500DC3C75 /* AppDelegate.swift */,
				EF4FEA0B1F027FA500DC3C75 /* ViewController.swift */,
				EF4FEA0D1F027FA500DC3C75 /* Main.storyboard */,
				EF4FEA101F027FA500DC3C75 /* Assets.xcassets */,
				EF4FEA121F027FA500DC3C75 /* LaunchScreen.storyboard */,
				EF4FEA151F027FA500DC3C75 /* Info.plist */,
			);
			path = "Photo Demo";
			sourceTree = "<group>";
		};
		EF4FEA1D1F027FA500DC3C75 /* Photo DemoTests */ = {
			isa = PBXGroup;
			children = (
				EF4FEA1E1F027FA500DC3C75 /* Photo_DemoTests.swift */,
				EF4FEA201F027FA500DC3C75 /* Info.plist */,
			);
			path = "Photo DemoTests";
			sourceTree = "<group>";
		};
		EF4FEA281F027FA500DC3C75 /* Photo DemoUITests */ = {
			isa = PBXGroup;
			children = (
				EF4FEA291F027FA500DC3C75 /* Photo_DemoUITests.swift */,
				EF4FEA2B1F027FA500DC3C75 /* Info.plist */,
			);
			path = "Photo DemoUITests";
			sourceTree = "<group>";
		};
/* End PBXGroup section */

/* Begin PBXNativeTarget section */
		EF4FEA051F027FA500DC3C75 /* Photo Demo */ = {
			isa = PBXNativeTarget;
			buildConfigurationList = EF4FEA2E1F027FA500DC3C75 /* Build configuration list for PBXNativeTarget "Photo Demo" */;
			buildPhases = (
				EF4FEA021F027FA500DC3C75 /* Sources */,
				EF4FEA031F027FA500DC3C75 /* Frameworks */,
				EF4FEA041F027FA500DC3C75 /* Resources */,
			);
			buildRules = (
			);
			dependencies = (
			);
			name = "Photo Demo";
			productName = "Photo Demo";
			productReference = EF4FEA061F027FA500DC3C75 /* Photo Demo.app */;
			productType = "com.apple.product-type.application";
		};
		EF4FEA191F027FA500DC3C75 /* Photo DemoTests */ = {
			isa = PBXNativeTarget;
			buildConfigurationList = EF4FEA311F027FA500DC3C75 /* Build configuration list for PBXNativeTarget "Photo DemoTests" */;
			buildPhases = (
				EF4FEA161F027FA500DC3C75 /* Sources */,
				EF4FEA171F027FA500DC3C75 /* Frameworks */,
				EF4FEA181F027FA500DC3C75 /* Resources */,
			);
			buildRules = (
			);
			dependencies = (
				EF4FEA1C1F027FA500DC3C75 /* PBXTargetDependency */,
			);
			name = "Photo DemoTests";
			productName = "Photo DemoTests";
			productReference = EF4FEA1A1F027FA500DC3C75 /* Photo DemoTests.xctest */;
			productType = "com.apple.product-type.bundle.unit-test";
		};
		EF4FEA241F027FA500DC3C75 /* Photo DemoUITests */ = {
			isa = PBXNativeTarget;
			buildConfigurationList = EF4FEA341F027FA500DC3C75 /* Build configuration list for PBXNativeTarget "Photo DemoUITests" */;
			buildPhases = (
				EF4FEA211F027FA500DC3C75 /* Sources */,
				EF4FEA221F027FA500DC3C75 /* Frameworks */,
				EF4FEA231F027FA500DC3C75 /* Resources */,
			);
			buildRules = (
			);
			dependencies = (
				EF4FEA271F027FA500DC3C75 /* PBXTargetDependency */,
			);
			name = "Photo DemoUITests";
			productName = "Photo DemoUITests";
			productReference = EF4FEA251F027FA500DC3C75 /* Photo DemoUITests.xctest */;
			productType = "com.apple.product-type.bundle.ui-testing";
		};
/* End PBXNativeTarget section */

/* Begin PBXProject section */
		EF4FE9FE1F027FA500DC3C75 /* Project object */ = {
			isa = PBXProject;
			attributes = {
				LastSwiftUpdateCheck = 0900;
				LastUpgradeCheck = 0900;
				ORGANIZATIONNAME = "Robert Percival";
				TargetAttributes = {
					EF4FEA051F027FA500DC3C75 = {
						CreatedOnToolsVersion = 9.0;
					};
					EF4FEA191F027FA500DC3C75 = {
						CreatedOnToolsVersion = 9.0;
						TestTargetID = EF4FEA051F027FA500DC3C75;
					};
					EF4FEA241F027FA500DC3C75 = {
						CreatedOnToolsVersion = 9.0;
						TestTargetID = EF4FEA051F027FA500DC3C75;
					};
				};
			};
			buildConfigurationList = EF4FEA011F027FA500DC3C75 /* Build configuration list for PBXProject "Photo Demo" */;
			compatibilityVersion = "Xcode 8.0";
			developmentRegion = en;
			hasScannedForEncodings = 0;
			knownRegions = (
				en,
				Base,
			);
			mainGroup = EF4FE9FD1F027FA500DC3C75;
			productRefGroup = EF4FEA071F027FA500DC3C75 /* Products */;
			projectDirPath = "";
			projectRoot = "";
			targets = (
				EF4FEA051F027FA500DC3C75 /* Photo Demo */,
				EF4FEA191F027FA500DC3C75 /* Photo DemoTests */,
				EF4FEA241F027FA500DC3C75 /* Photo DemoUITests */,
			);
		};
/* End PBXProject section */

/* Begin PBXResourcesBuildPhase section */
		EF4FEA041F027FA500DC3C75 /* Resources */ = {
			isa = PBXResourcesBuildPhase;
			buildActionMask = 2147483647;
			files = (
				EF4FEA141F027FA500DC3C75 /* LaunchScreen.storyboard in Resources */,
				EF4FEA111F027FA500DC3C75 /* Assets.xcassets in Resources */,
				EF4FEA0F1F027FA500DC3C75 /* Main.storyboard in Resources */,
			);
			runOnlyForDeploymentPostprocessing = 0;
		};
		EF4FEA181F027FA500DC3C75 /* Resources */ = {
			isa = PBXResourcesBuildPhase;
			buildActionMask = 2147483647;
			files = (
			);
			runOnlyForDeploymentPostprocessing = 0;
		};
		EF4FEA231F027FA500DC3C75 /* Resources */ = {
			isa = PBXResourcesBuildPhase;
			buildActionMask = 2147483647;
			files = (
			);
			runOnlyForDeploymentPostprocessing = 0;
		};
/* End PBXResourcesBuildPhase section */

/* Begin PBXSourcesBuildPhase section */
		EF4FEA021F027FA500DC3C75 /* Sources */ = {
			isa = PBXSourcesBuildPhase;
			buildActionMask = 2147483647;
			files = (
				EF4FEA0C1F027FA500DC3C75 /* ViewController.swift in Sources */,
				EF4FEA0A1F027FA500DC3C75 /* AppDelegate.swift in Sources */,
			);
			runOnlyForDeploymentPostprocessing = 0;
		};
		EF4FEA161F027FA500DC3C75 /* Sources */ = {
			isa = PBXSourcesBuildPhase;
			buildActionMask = 2147483647;
			files = (
				EF4FEA1F1F027FA500DC3C75 /* Photo_DemoTests.swift in Sources */,
			);
			runOnlyForDeploymentPostprocessing = 0;
		};
		EF4FEA211F027FA500DC3C75 /* Sources */ = {
			isa = PBXSourcesBuildPhase;
			buildActionMask = 2147483647;
			files = (
				EF4FEA2A1F027FA500DC3C75 /* Photo_DemoUITests.swift in Sources */,
			);
			runOnlyForDeploymentPostprocessing = 0;
		};
/* End PBXSourcesBuildPhase section */

/* Begin PBXTargetDependency section */
		EF4FEA1C1F027FA500DC3C75 /* PBXTargetDependency */ = {
			isa = PBXTargetDependency;
			target = EF4FEA051F027FA500DC3C75 /* Photo Demo */;
			targetProxy = EF4FEA1B1F027FA500DC3C75 /* PBXContainerItemProxy */;
		};
		EF4FEA271F027FA500DC3C75 /* PBXTargetDependency */ = {
			isa = PBXTargetDependency;
			target = EF4FEA051F027FA500DC3C75 /* Photo Demo */;
			targetProxy = EF4FEA261F027FA500DC3C75 /* PBXContainerItemProxy */;
		};
/* End PBXTargetDependency section */

/* Begin PBXVariantGroup section */
		EF4FEA0D1F027FA500DC3C75 /* Main.storyboard */ = {
			isa = PBXVariantGroup;
			children = (
				EF4FEA0E1F027FA500DC3C75 /* Base */,
			);
			name = Main.storyboard;
			sourceTree = "<group>";
		};
		EF4FEA121F027FA500DC3C75 /* LaunchScreen.storyboard */ = {
			isa = PBXVariantGroup;
			children = (
				EF4FEA131F027FA500DC3C75 /* Base */,
			);
			name = LaunchScreen.storyboard;
			sourceTree = "<group>";
		};
/* End PBXVariantGroup section */

/* Begin XCBuildConfiguration section */
		EF4FEA2C1F027FA500DC3C75 /* Debug */ = {
			isa = XCBuildConfiguration;
			buildSettings = {
				ALWAYS_SEARCH_USER_PATHS = NO;
				CLANG_ANALYZER_NONNULL = YES;
				CLANG_ANALYZER_NUMBER_OBJECT_CONVERSION = YES_AGGRESSIVE;
				CLANG_CXX_LANGUAGE_STANDARD = "gnu++14";
				CLANG_CXX_LIBRARY = "libc++";
				CLANG_ENABLE_MODULES = YES;
				CLANG_ENABLE_OBJC_ARC = YES;
				CLANG_WARN_BLOCK_CAPTURE_AUTORELEASING = YES;
				CLANG_WARN_BOOL_CONVERSION = YES;
				CLANG_WARN_COMMA = YES;
				CLANG_WARN_CONSTANT_CONVERSION = YES;
				CLANG_WARN_DIRECT_OBJC_ISA_USAGE = YES_ERROR;
				CLANG_WARN_DOCUMENTATION_COMMENTS = YES;
				CLANG_WARN_EMPTY_BODY = YES;
				CLANG_WARN_ENUM_CONVERSION = YES;
				CLANG_WARN_INFINITE_RECURSION = YES;
				CLANG_WARN_INT_CONVERSION = YES;
				CLANG_WARN_OBJC_ROOT_CLASS = YES_ERROR;
				CLANG_WARN_RANGE_LOOP_ANALYSIS = YES;
				CLANG_WARN_STRICT_PROTOTYPES = YES;
				CLANG_WARN_SUSPICIOUS_MOVE = YES;
				CLANG_WARN_UNGUARDED_AVAILABILITY = YES_AGGRESSIVE;
				CLANG_WARN_UNREACHABLE_CODE = YES;
				CLANG_WARN__DUPLICATE_METHOD_MATCH = YES;
				CODE_SIGN_IDENTITY = "iPhone Developer";
				COPY_PHASE_STRIP = NO;
				DEBUG_INFORMATION_FORMAT = dwarf;
				ENABLE_STRICT_OBJC_MSGSEND = YES;
				ENABLE_TESTABILITY = YES;
				GCC_C_LANGUAGE_STANDARD = gnu11;
				GCC_DYNAMIC_NO_PIC = NO;
				GCC_NO_COMMON_BLOCKS = YES;
				GCC_OPTIMIZATION_LEVEL = 0;
				GCC_PREPROCESSOR_DEFINITIONS = (
					"DEBUG=1",
					"$(inherited)",
				);
				GCC_WARN_64_TO_32_BIT_CONVERSION = YES;
				GCC_WARN_ABOUT_RETURN_TYPE = YES_ERROR;
				GCC_WARN_UNDECLARED_SELECTOR = YES;
				GCC_WARN_UNINITIALIZED_AUTOS = YES_AGGRESSIVE;
				GCC_WARN_UNUSED_FUNCTION = YES;
				GCC_WARN_UNUSED_VARIABLE = YES;
				IPHONEOS_DEPLOYMENT_TARGET = 11.0;
				MTL_ENABLE_DEBUG_INFO = YES;
				ONLY_ACTIVE_ARCH = YES;
				SDKROOT = iphoneos;
				SWIFT_ACTIVE_COMPILATION_CONDITIONS = DEBUG;
				SWIFT_OPTIMIZATION_LEVEL = "-Onone";
			};
			name = Debug;
		};
		EF4FEA2D1F027FA500DC3C75 /* Release */ = {
			isa = XCBuildConfiguration;
			buildSettings = {
				ALWAYS_SEARCH_USER_PATHS = NO;
				CLANG_ANALYZER_NONNULL = YES;
				CLANG_ANALYZER_NUMBER_OBJECT_CONVERSION = YES_AGGRESSIVE;
				CLANG_CXX_LANGUAGE_STANDARD = "gnu++14";
				CLANG_CXX_LIBRARY = "libc++";
				CLANG_ENABLE_MODULES = YES;
				CLANG_ENABLE_OBJC_ARC = YES;
				CLANG_WARN_BLOCK_CAPTURE_AUTORELEASING = YES;
				CLANG_WARN_BOOL_CONVERSION = YES;
				CLANG_WARN_COMMA = YES;
				CLANG_WARN_CONSTANT_CONVERSION = YES;
				CLANG_WARN_DIRECT_OBJC_ISA_USAGE = YES_ERROR;
				CLANG_WARN_DOCUMENTATION_COMMENTS = YES;
				CLANG_WARN_EMPTY_BODY = YES;
				CLANG_WARN_ENUM_CONVERSION = YES;
				CLANG_WARN_INFINITE_RECURSION = YES;
				CLANG_WARN_INT_CONVERSION = YES;
				CLANG_WARN_OBJC_ROOT_CLASS = YES_ERROR;
				CLANG_WARN_RANGE_LOOP_ANALYSIS = YES;
				CLANG_WARN_STRICT_PROTOTYPES = YES;
				CLANG_WARN_SUSPICIOUS_MOVE = YES;
				CLANG_WARN_UNGUARDED_AVAILABILITY = YES_AGGRESSIVE;
				CLANG_WARN_UNREACHABLE_CODE = YES;
				CLANG_WARN__DUPLICATE_METHOD_MATCH = YES;
				CODE_SIGN_IDENTITY = "iPhone Developer";
				COPY_PHASE_STRIP = NO;
				DEBUG_INFORMATION_FORMAT = "dwarf-with-dsym";
				ENABLE_NS_ASSERTIONS = NO;
				ENABLE_STRICT_OBJC_MSGSEND = YES;
				GCC_C_LANGUAGE_STANDARD = gnu11;
				GCC_NO_COMMON_BLOCKS = YES;
				GCC_WARN_64_TO_32_BIT_CONVERSION = YES;
				GCC_WARN_ABOUT_RETURN_TYPE = YES_ERROR;
				GCC_WARN_UNDECLARED_SELECTOR = YES;
				GCC_WARN_UNINITIALIZED_AUTOS = YES_AGGRESSIVE;
				GCC_WARN_UNUSED_FUNCTION = YES;
				GCC_WARN_UNUSED_VARIABLE = YES;
				IPHONEOS_DEPLOYMENT_TARGET = 11.0;
				MTL_ENABLE_DEBUG_INFO = NO;
				SDKROOT = iphoneos;
				SWIFT_OPTIMIZATION_LEVEL = "-Owholemodule";
				VALIDATE_PRODUCT = YES;
			};
			name = Release;
		};
		EF4FEA2F1F027FA500DC3C75 /* Debug */ = {
			isa = XCBuildConfiguration;
			buildSettings = {
				ASSETCATALOG_COMPILER_APPICON_NAME = AppIcon;
				INFOPLIST_FILE = "Photo Demo/Info.plist";
				LD_RUNPATH_SEARCH_PATHS = "$(inherited) @executable_path/Frameworks";
				PRODUCT_BUNDLE_IDENTIFIER = "robpercival.Photo-Demo";
				PRODUCT_NAME = "$(TARGET_NAME)";
				SWIFT_VERSION = 4.0;
				TARGETED_DEVICE_FAMILY = "1,2";
			};
			name = Debug;
		};
		EF4FEA301F027FA500DC3C75 /* Release */ = {
			isa = XCBuildConfiguration;
			buildSettings = {
				ASSETCATALOG_COMPILER_APPICON_NAME = AppIcon;
				INFOPLIST_FILE = "Photo Demo/Info.plist";
				LD_RUNPATH_SEARCH_PATHS = "$(inherited) @executable_path/Frameworks";
				PRODUCT_BUNDLE_IDENTIFIER = "robpercival.Photo-Demo";
				PRODUCT_NAME = "$(TARGET_NAME)";
				SWIFT_VERSION = 4.0;
				TARGETED_DEVICE_FAMILY = "1,2";
			};
			name = Release;
		};
		EF4FEA321F027FA500DC3C75 /* Debug */ = {
			isa = XCBuildConfiguration;
			buildSettings = {
				ALWAYS_EMBED_SWIFT_STANDARD_LIBRARIES = YES;
				BUNDLE_LOADER = "$(TEST_HOST)";
				INFOPLIST_FILE = "Photo DemoTests/Info.plist";
				LD_RUNPATH_SEARCH_PATHS = "$(inherited) @executable_path/Frameworks @loader_path/Frameworks";
				PRODUCT_BUNDLE_IDENTIFIER = "robpercival.Photo-DemoTests";
				PRODUCT_NAME = "$(TARGET_NAME)";
				SWIFT_VERSION = 4.0;
				TARGETED_DEVICE_FAMILY = "1,2";
				TEST_HOST = "$(BUILT_PRODUCTS_DIR)/Photo Demo.app/Photo Demo";
			};
			name = Debug;
		};
		EF4FEA331F027FA500DC3C75 /* Release */ = {
			isa = XCBuildConfiguration;
			buildSettings = {
				ALWAYS_EMBED_SWIFT_STANDARD_LIBRARIES = YES;
				BUNDLE_LOADER = "$(TEST_HOST)";
				INFOPLIST_FILE = "Photo DemoTests/Info.plist";
				LD_RUNPATH_SEARCH_PATHS = "$(inherited) @executable_path/Frameworks @loader_path/Frameworks";
				PRODUCT_BUNDLE_IDENTIFIER = "robpercival.Photo-DemoTests";
				PRODUCT_NAME = "$(TARGET_NAME)";
				SWIFT_VERSION = 4.0;
				TARGETED_DEVICE_FAMILY = "1,2";
				TEST_HOST = "$(BUILT_PRODUCTS_DIR)/Photo Demo.app/Photo Demo";
			};
			name = Release;
		};
		EF4FEA351F027FA500DC3C75 /* Debug */ = {
			isa = XCBuildConfiguration;
			buildSettings = {
				ALWAYS_EMBED_SWIFT_STANDARD_LIBRARIES = YES;
				INFOPLIST_FILE = "Photo DemoUITests/Info.plist";
				LD_RUNPATH_SEARCH_PATHS = "$(inherited) @executable_path/Frameworks @loader_path/Frameworks";
				PRODUCT_BUNDLE_IDENTIFIER = "robpercival.Photo-DemoUITests";
				PRODUCT_NAME = "$(TARGET_NAME)";
				SWIFT_VERSION = 4.0;
				TARGETED_DEVICE_FAMILY = "1,2";
				TEST_TARGET_NAME = "Photo Demo";
			};
			name = Debug;
		};
		EF4FEA361F027FA500DC3C75 /* Release */ = {
			isa = XCBuildConfiguration;
			buildSettings = {
				ALWAYS_EMBED_SWIFT_STANDARD_LIBRARIES = YES;
				INFOPLIST_FILE = "Photo DemoUITests/Info.plist";
				LD_RUNPATH_SEARCH_PATHS = "$(inherited) @executable_path/Frameworks @loader_path/Frameworks";
				PRODUCT_BUNDLE_IDENTIFIER = "robpercival.Photo-DemoUITests";
				PRODUCT_NAME = "$(TARGET_NAME)";
				SWIFT_VERSION = 4.0;
				TARGETED_DEVICE_FAMILY = "1,2";
				TEST_TARGET_NAME = "Photo Demo";
			};
			name = Release;
		};
/* End XCBuildConfiguration section */

/* Begin XCConfigurationList section */
		EF4FEA011F027FA500DC3C75 /* Build configuration list for PBXProject "Photo Demo" */ = {
			isa = XCConfigurationList;
			buildConfigurations = (
				EF4FEA2C1F027FA500DC3C75 /* Debug */,
				EF4FEA2D1F027FA500DC3C75 /* Release */,
			);
			defaultConfigurationIsVisible = 0;
			defaultConfigurationName = Release;
		};
		EF4FEA2E1F027FA500DC3C75 /* Build configuration list for PBXNativeTarget "Photo Demo" */ = {
			isa = XCConfigurationList;
			buildConfigurations = (
				EF4FEA2F1F027FA500DC3C75 /* Debug */,
				EF4FEA301F027FA500DC3C75 /* Release */,
			);
			defaultConfigurationIsVisible = 0;
		};
		EF4FEA311F027FA500DC3C75 /* Build configuration list for PBXNativeTarget "Photo DemoTests" */ = {
			isa = XCConfigurationList;
			buildConfigurations = (
				EF4FEA321F027FA500DC3C75 /* Debug */,
				EF4FEA331F027FA500DC3C75 /* Release */,
			);
			defaultConfigurationIsVisible = 0;
		};
		EF4FEA341F027FA500DC3C75 /* Build configuration list for PBXNativeTarget "Photo DemoUITests" */ = {
			isa = XCConfigurationList;
			buildConfigurations = (
				EF4FEA351F027FA500DC3C75 /* Debug */,
				EF4FEA361F027FA500DC3C75 /* Release */,
			);
			defaultConfigurationIsVisible = 0;
		};
/* End XCConfigurationList section */
	};
	rootObject = EF4FE9FE1F027FA500DC3C75 /* Project object */;
}
